PODS:
  - Flutter (1.0.0)
  - terra_flutter_rt (0.0.1):
    - Flutter
    - TerraRTiOS (~> 0.3.9)
  - TerraRTiOS (0.3.9)

DEPENDENCIES:
  - Flutter (from `Flutter`)
  - terra_flutter_rt (from `.symlinks/plugins/terra_flutter_rt/ios`)
  - TerraRTiOS

SPEC REPOS:
  trunk:
    - TerraRTiOS

EXTERNAL SOURCES:
  Flutter:
    :path: Flutter
  terra_flutter_rt:
    :path: ".symlinks/plugins/terra_flutter_rt/ios"

SPEC CHECKSUMS:
  Flutter: e0871f40cf51350855a761d2e70bf5af5b9b5de7
  terra_flutter_rt: 509b8de35f5a00589583a2787bda7e952feba133
  TerraRTiOS: bcc925d3eee61dbe3b621424c8ba96a9ed044449

PODFILE CHECKSUM: f97c733b679e4740c06341defad4a65dd0aba49a

COCOAPODS: 1.16.2
