PODS:
  - Flutter (1.0.0)
  - terra_flutter_rt (0.0.1):
    - Flutter
    - TerraRTiOS (~> 0.3.8)
  - TerraRTiOS (0.3.8)

DEPENDENCIES:
  - Flutter (from `Flutter`)
  - terra_flutter_rt (from `.symlinks/plugins/terra_flutter_rt/ios`)

SPEC REPOS:
  trunk:
    - TerraRTiOS

EXTERNAL SOURCES:
  Flutter:
    :path: Flutter
  terra_flutter_rt:
    :path: ".symlinks/plugins/terra_flutter_rt/ios"

SPEC CHECKSUMS:
  Flutter: e0871f40cf51350855a761d2e70bf5af5b9b5de7
  terra_flutter_rt: 4d503a2bd0b799ae3164f867b622c5df6ecd718e
  TerraRTiOS: 19483c5cd22a3dd1921484a5cd0d8a45ae1bdb8e

PODFILE CHECKSUM: cc1f88378b4bfcf93a6ce00d2c587857c6008d3b

COCOAPODS: 1.13.0
