PODS:
  - Flutter (1.0.0)
  - terra_flutter_rt (0.0.1):
    - Flutter
    - TerraRTiOS (~> 0.0.4)
  - TerraRTiOS (0.0.4)

DEPENDENCIES:
  - Flutter (from `Flutter`)
  - terra_flutter_rt (from `.symlinks/plugins/terra_flutter_rt/ios`)

SPEC REPOS:
  trunk:
    - TerraRTiOS

EXTERNAL SOURCES:
  Flutter:
    :path: Flutter
  terra_flutter_rt:
    :path: ".symlinks/plugins/terra_flutter_rt/ios"

SPEC CHECKSUMS:
  Flutter: 50d75fe2f02b26cc09d224853bb45737f8b3214a
  terra_flutter_rt: 5c6e1aef6c82df2c6c4f10eac8574846be7e2460
  TerraRTiOS: 83d6fa2d213c51d745d74fcf40fa66c5e1134b4d

PODFILE CHECKSUM: cc1f88378b4bfcf93a6ce00d2c587857c6008d3b

COCOAPODS: 1.11.3
